
Microsoft Visual Studio Solution File, Format Version 12.00
# Visual Studio Version 16
VisualStudioVersion = 16.0.30204.135
MinimumVisualStudioVersion = 10.0.40219.1
Project("{9A19103F-16F7-4668-BE54-9A1E7A4F7556}") = "Muplonen", "Muplonen\Muplonen.csproj", "{9BC5CA36-796F-4F88-8878-FA8F0C4C20AD}"
EndProject
Global
	GlobalSection(SolutionConfigurationPlatforms) = preSolution
		Debug|Any CPU = Debug|Any CPU
		Release|Any CPU = Release|Any CPU
	EndGlobalSection
	GlobalSection(ProjectConfigurationPlatforms) = postSolution
		{9BC5CA36-796F-4F88-8878-FA8F0C4C20AD}.Debug|Any CPU.ActiveCfg = Debug|Any CPU
		{9BC5CA36-796F-4F88-8878-FA8F0C4C20AD}.Debug|Any CPU.Build.0 = Debug|Any CPU
		{9BC5CA36-796F-4F88-8878-FA8F0C4C20AD}.Release|Any CPU.ActiveCfg = Release|Any CPU
		{9BC5CA36-796F-4F88-8878-FA8F0C4C20AD}.Release|Any CPU.Build.0 = Release|Any CPU
	EndGlobalSection
	GlobalSection(SolutionProperties) = preSolution
		HideSolutionNode = FALSE
	EndGlobalSection
	GlobalSection(ExtensibilityGlobals) = postSolution
		SolutionGuid = {D3922CD2-0714-4927-9B83-ECF0E57C1081}
	EndGlobalSection
EndGlobal
